
Microsoft Visual Studio Solution File, Format Version 12.00
# Visual Studio 15
VisualStudioVersion = 15.0.28307.572
MinimumVisualStudioVersion = 10.0.40219.1
Project("{FAE04EC0-301F-11D3-BF4B-00C04F79EFBC}") = "HelloRx", "HelloRx\HelloRx.csproj", "{03F61F30-156D-4D91-BB2B-BD106E6AB1CC}"
EndProject
Project("{2150E333-8FDC-42A3-9474-1A3956D46DE8}") = "1.HelloRxDotNet", "1.HelloRxDotNet", "{408E85F0-4F68-4CD6-88AE-9998BCDF2D9A}"
EndProject
Project("{2150E333-8FDC-42A3-9474-1A3956D46DE8}") = "2.SimpleConcurrency", "2.SimpleConcurrency", "{CA8D2722-7D06-4BDD-A437-0E9C313B1D8E}"
EndProject
Project("{FAE04EC0-301F-11D3-BF4B-00C04F79EFBC}") = "SimpleConcurrency", "SimpleConcurrency\SimpleConcurrency.csproj", "{6A2B0CA5-07C0-4C3A-B91B-6AC9635C6BE8}"
EndProject
Project("{2150E333-8FDC-42A3-9474-1A3956D46DE8}") = "3.ObservarAndObservable", "3.ObservarAndObservable", "{792050A8-23FE-4BE4-8CD2-97257484B3B1}"
EndProject
Project("{FAE04EC0-301F-11D3-BF4B-00C04F79EFBC}") = "ObserverAndObservableDemo", "ObserverAndObservableDemo\ObserverAndObservableDemo.csproj", "{0A3EDD14-8896-47A8-9F1B-05481DEBCB22}"
EndProject
Project("{2150E333-8FDC-42A3-9474-1A3956D46DE8}") = "4.ConcurrencyManagement", "4.ConcurrencyManagement", "{9B489C86-6669-432D-9093-C95C4C02E4E1}"
EndProject
Project("{FAE04EC0-301F-11D3-BF4B-00C04F79EFBC}") = "ConcurrencyManagementDemo", "ConcurrencyManagementDemo\ConcurrencyManagementDemo.csproj", "{E59AACCE-B05D-4AB9-9D8F-E4F0AE64BF16}"
EndProject
Project("{2150E333-8FDC-42A3-9474-1A3956D46DE8}") = "5.CustomObserver", "5.CustomObserver", "{D1D50BFF-1DA3-41F2-BE17-B5D73A9E2ED9}"
EndProject
Project("{FAE04EC0-301F-11D3-BF4B-00C04F79EFBC}") = "CustomObserver", "CustomObserver\CustomObserver.csproj", "{0842B26A-1612-4F30-8FC9-521DF00D19EB}"
EndProject
Project("{2150E333-8FDC-42A3-9474-1A3956D46DE8}") = "SchedulerDemo", "SchedulerDemo", "{86963005-C308-415F-99B8-EC6A356372F8}"
EndProject
Project("{FAE04EC0-301F-11D3-BF4B-00C04F79EFBC}") = "SchedulerUsageDemo", "SchedulerUsageDemo\SchedulerUsageDemo.csproj", "{9E9A8D79-7740-47FE-8309-C7E7539EB231}"
EndProject
Project("{2150E333-8FDC-42A3-9474-1A3956D46DE8}") = "6.RepeatAndTake", "6.RepeatAndTake", "{479664DB-9339-4460-9502-7C9E2D38F2C7}"
EndProject
Project("{FAE04EC0-301F-11D3-BF4B-00C04F79EFBC}") = "RepeatAndTakeDemo", "RepeatAndTakeDemo\RepeatAndTakeDemo.csproj", "{5DB20E80-12CF-48C4-80FE-9616247BFDDC}"
EndProject
Global
	GlobalSection(SolutionConfigurationPlatforms) = preSolution
		Debug|Any CPU = Debug|Any CPU
		Release|Any CPU = Release|Any CPU
	EndGlobalSection
	GlobalSection(ProjectConfigurationPlatforms) = postSolution
		{03F61F30-156D-4D91-BB2B-BD106E6AB1CC}.Debug|Any CPU.ActiveCfg = Debug|Any CPU
		{03F61F30-156D-4D91-BB2B-BD106E6AB1CC}.Debug|Any CPU.Build.0 = Debug|Any CPU
		{03F61F30-156D-4D91-BB2B-BD106E6AB1CC}.Release|Any CPU.ActiveCfg = Release|Any CPU
		{03F61F30-156D-4D91-BB2B-BD106E6AB1CC}.Release|Any CPU.Build.0 = Release|Any CPU
		{6A2B0CA5-07C0-4C3A-B91B-6AC9635C6BE8}.Debug|Any CPU.ActiveCfg = Debug|Any CPU
		{6A2B0CA5-07C0-4C3A-B91B-6AC9635C6BE8}.Debug|Any CPU.Build.0 = Debug|Any CPU
		{6A2B0CA5-07C0-4C3A-B91B-6AC9635C6BE8}.Release|Any CPU.ActiveCfg = Release|Any CPU
		{6A2B0CA5-07C0-4C3A-B91B-6AC9635C6BE8}.Release|Any CPU.Build.0 = Release|Any CPU
		{0A3EDD14-8896-47A8-9F1B-05481DEBCB22}.Debug|Any CPU.ActiveCfg = Debug|Any CPU
		{0A3EDD14-8896-47A8-9F1B-05481DEBCB22}.Debug|Any CPU.Build.0 = Debug|Any CPU
		{0A3EDD14-8896-47A8-9F1B-05481DEBCB22}.Release|Any CPU.ActiveCfg = Release|Any CPU
		{0A3EDD14-8896-47A8-9F1B-05481DEBCB22}.Release|Any CPU.Build.0 = Release|Any CPU
		{E59AACCE-B05D-4AB9-9D8F-E4F0AE64BF16}.Debug|Any CPU.ActiveCfg = Debug|Any CPU
		{E59AACCE-B05D-4AB9-9D8F-E4F0AE64BF16}.Debug|Any CPU.Build.0 = Debug|Any CPU
		{E59AACCE-B05D-4AB9-9D8F-E4F0AE64BF16}.Release|Any CPU.ActiveCfg = Release|Any CPU
		{E59AACCE-B05D-4AB9-9D8F-E4F0AE64BF16}.Release|Any CPU.Build.0 = Release|Any CPU
		{0842B26A-1612-4F30-8FC9-521DF00D19EB}.Debug|Any CPU.ActiveCfg = Debug|Any CPU
		{0842B26A-1612-4F30-8FC9-521DF00D19EB}.Debug|Any CPU.Build.0 = Debug|Any CPU
		{0842B26A-1612-4F30-8FC9-521DF00D19EB}.Release|Any CPU.ActiveCfg = Release|Any CPU
		{0842B26A-1612-4F30-8FC9-521DF00D19EB}.Release|Any CPU.Build.0 = Release|Any CPU
		{9E9A8D79-7740-47FE-8309-C7E7539EB231}.Debug|Any CPU.ActiveCfg = Debug|Any CPU
		{9E9A8D79-7740-47FE-8309-C7E7539EB231}.Debug|Any CPU.Build.0 = Debug|Any CPU
		{9E9A8D79-7740-47FE-8309-C7E7539EB231}.Release|Any CPU.ActiveCfg = Release|Any CPU
		{9E9A8D79-7740-47FE-8309-C7E7539EB231}.Release|Any CPU.Build.0 = Release|Any CPU
		{5DB20E80-12CF-48C4-80FE-9616247BFDDC}.Debug|Any CPU.ActiveCfg = Debug|Any CPU
		{5DB20E80-12CF-48C4-80FE-9616247BFDDC}.Debug|Any CPU.Build.0 = Debug|Any CPU
		{5DB20E80-12CF-48C4-80FE-9616247BFDDC}.Release|Any CPU.ActiveCfg = Release|Any CPU
		{5DB20E80-12CF-48C4-80FE-9616247BFDDC}.Release|Any CPU.Build.0 = Release|Any CPU
	EndGlobalSection
	GlobalSection(SolutionProperties) = preSolution
		HideSolutionNode = FALSE
	EndGlobalSection
	GlobalSection(NestedProjects) = preSolution
		{03F61F30-156D-4D91-BB2B-BD106E6AB1CC} = {408E85F0-4F68-4CD6-88AE-9998BCDF2D9A}
		{6A2B0CA5-07C0-4C3A-B91B-6AC9635C6BE8} = {CA8D2722-7D06-4BDD-A437-0E9C313B1D8E}
		{0A3EDD14-8896-47A8-9F1B-05481DEBCB22} = {792050A8-23FE-4BE4-8CD2-97257484B3B1}
		{E59AACCE-B05D-4AB9-9D8F-E4F0AE64BF16} = {9B489C86-6669-432D-9093-C95C4C02E4E1}
		{0842B26A-1612-4F30-8FC9-521DF00D19EB} = {D1D50BFF-1DA3-41F2-BE17-B5D73A9E2ED9}
		{9E9A8D79-7740-47FE-8309-C7E7539EB231} = {86963005-C308-415F-99B8-EC6A356372F8}
		{5DB20E80-12CF-48C4-80FE-9616247BFDDC} = {479664DB-9339-4460-9502-7C9E2D38F2C7}
	EndGlobalSection
	GlobalSection(ExtensibilityGlobals) = postSolution
		SolutionGuid = {980CEA2A-8670-40C5-88A9-A5A8263A6991}
	EndGlobalSection
EndGlobal
